
Microsoft Visual Studio Solution File, Format Version 12.00
# Visual Studio Version 16
VisualStudioVersion = 16.0.31729.503
MinimumVisualStudioVersion = 10.0.40219.1
Project("{FAE04EC0-301F-11D3-BF4B-00C04F79EFBC}") = "ObjectDetector", "ObjectDetector.csproj", "{3DE864CE-BA86-45D8-90AE-895955F5FC63}"
EndProject
Global
	GlobalSection(SolutionConfigurationPlatforms) = preSolution
		Debug|Any CPU = Debug|Any CPU
		Release|Any CPU = Release|Any CPU
	EndGlobalSection
	GlobalSection(ProjectConfigurationPlatforms) = postSolution
		{3DE864CE-BA86-45D8-90AE-895955F5FC63}.Debug|Any CPU.ActiveCfg = Debug|Any CPU
		{3DE864CE-BA86-45D8-90AE-895955F5FC63}.Debug|Any CPU.Build.0 = Debug|Any CPU
		{3DE864CE-BA86-45D8-90AE-895955F5FC63}.Release|Any CPU.ActiveCfg = Release|Any CPU
		{3DE864CE-BA86-45D8-90AE-895955F5FC63}.Release|Any CPU.Build.0 = Release|Any CPU
	EndGlobalSection
	GlobalSection(SolutionProperties) = preSolution
		HideSolutionNode = FALSE
	EndGlobalSection
	GlobalSection(ExtensibilityGlobals) = postSolution
		SolutionGuid = {B9AC5026-6010-4FD6-8AE0-DB9356E8DFF8}
	EndGlobalSection
EndGlobal
